
Microsoft Visual Studio Solution File, Format Version 12.00
# Visual Studio Version 16
VisualStudioVersion = 16.0.32126.315
MinimumVisualStudioVersion = 10.0.40219.1
Project("{FAE04EC0-301F-11D3-BF4B-00C04F79EFBC}") = "GraduatedStudent", "GraduatedStudent\GraduatedStudent.csproj", "{7F9B15B3-46FA-4BC6-9B37-D1F119D96C8D}"
EndProject
Global
	GlobalSection(SolutionConfigurationPlatforms) = preSolution
		Debug|Any CPU = Debug|Any CPU
		Release|Any CPU = Release|Any CPU
	EndGlobalSection
	GlobalSection(ProjectConfigurationPlatforms) = postSolution
		{7F9B15B3-46FA-4BC6-9B37-D1F119D96C8D}.Debug|Any CPU.ActiveCfg = Debug|Any CPU
		{7F9B15B3-46FA-4BC6-9B37-D1F119D96C8D}.Debug|Any CPU.Build.0 = Debug|Any CPU
		{7F9B15B3-46FA-4BC6-9B37-D1F119D96C8D}.Release|Any CPU.ActiveCfg = Release|Any CPU
		{7F9B15B3-46FA-4BC6-9B37-D1F119D96C8D}.Release|Any CPU.Build.0 = Release|Any CPU
	EndGlobalSection
	GlobalSection(SolutionProperties) = preSolution
		HideSolutionNode = FALSE
	EndGlobalSection
	GlobalSection(ExtensibilityGlobals) = postSolution
		SolutionGuid = {F71A9FC7-B168-4A59-A10D-7CF0B0B59F57}
	EndGlobalSection
EndGlobal
